{
    "name": "@root/s3",
    "version": "1.2.1",
    "lockfileVersion": 1,
    "requires": true,
    "dependencies": {
        "@root/request": {
            "version": "1.8.0",
            "resolved": "https://registry.npmjs.org/@root/request/-/request-1.8.0.tgz",
            "integrity": "sha512-HufCvoTwqR30OyKSjwg28W5QCUpypSJZpOYcJbC9PME5kI6cOYsccYs/6bXfsuEoarz8+YwBDrsuM1UdBMxMLw=="
        },
        "aws4": {
            "version": "1.9.1",
            "resolved": "https://registry.npmjs.org/aws4/-/aws4-1.9.1.tgz",
            "integrity": "sha512-wMHVg2EOHaMRxbzgFJ9gtjOOCrI80OHLG14rxi28XwOW8ux6IiEbRCGGGqCtdAIg4FQCbW20k9RsT4y3gJlFug=="
        },
        "dotenv": {
            "version": "8.2.0",
            "resolved": "https://registry.npmjs.org/dotenv/-/dotenv-8.2.0.tgz",
            "integrity": "sha512-8sJ78ElpbDJBHNeBzUbUVLsqKdccaa/BXF1uPTw3GrvQTBgrQrtObr2mUrE38vzYd8cEv+m/JBfDLioYcfXoaw==",
            "dev": true
        }
    }
}
